{
  "name": "fabric-sdk-playground",
  "version": "0.1.0",
  "lockfileVersion": 3,
  "requires": true,
  "packages": {
    "": {
      "name": "fabric-sdk-playground",
      "version": "0.1.0",
      "dependencies": {
        "@fabric-messaging/sdk": "0.1.0-beta.3"
      },
      "engines": {
        "node": ">=22"
      }
    },
    "node_modules/@fabric-messaging/sdk": {
      "version": "0.1.0-beta.3",
      "resolved": "https://registry.npmjs.org/@fabric-messaging/sdk/-/sdk-0.1.0-beta.3.tgz",
      "integrity": "sha512-2SZEXcS86inwAEZzZ8oz+dy+kLKqAaTm7DnhOtrh5UXjoezqK28VoD+aaJF1/Grr8zsjOHZxP945id0lMQXKBA==",
      "license": "UNLICENSED",
      "engines": {
        "node": ">=22"
      }
    }
  }
}
