{
  "name": "fabric-sdk-playground",
  "version": "0.1.0",
  "lockfileVersion": 3,
  "requires": true,
  "packages": {
    "": {
      "name": "fabric-sdk-playground",
      "version": "0.1.0",
      "dependencies": {
        "@fabric-messaging/sdk": "file:vendor/fabric-messaging-sdk-0.1.0-beta.5.tgz"
      },
      "engines": {
        "node": ">=22"
      }
    },
    "node_modules/@fabric-messaging/sdk": {
      "version": "0.1.0-beta.5",
      "resolved": "file:vendor/fabric-messaging-sdk-0.1.0-beta.5.tgz",
      "integrity": "sha512-CdGDtjMGfR2UdDF7JcTPj+pxZfL4p2nWCwa+cBDqqO0LoK2OgYi8UqjjlvUuVaQJCu7cw6HMnFQdFz1UpZQAqA==",
      "license": "UNLICENSED",
      "engines": {
        "node": ">=22"
      }
    }
  }
}
