{
  "name": "fabric-sdk-playground",
  "version": "0.1.0",
  "lockfileVersion": 3,
  "requires": true,
  "packages": {
    "": {
      "name": "fabric-sdk-playground",
      "version": "0.1.0",
      "dependencies": {
        "@fabric-messaging/sdk": "file:vendor/fabric-messaging-sdk.tgz"
      },
      "engines": {
        "node": ">=22"
      }
    },
    "node_modules/@fabric-messaging/sdk": {
      "version": "0.1.0-beta.9",
      "resolved": "file:vendor/fabric-messaging-sdk.tgz",
      "integrity": "sha512-jZH5/i8ld7bJQZNcVQLN2lFhHQ1fw/5uyRtjMC9qhs640vN3uiN7JcL1w0JZK2TN7Q61qKv+wk7rKO40IEvi2Q==",
      "license": "MIT",
      "engines": {
        "node": ">=22.12"
      }
    }
  }
}
